// !$*UTF8*$!
{
	archiveVersion = 1;
	classes = {
	};
	objectVersion = 48;
	objects = {

/* Begin PBXBuildFile section */
		701E9AC81F9EEA61007AEE49 /* Assets.xcassets in Resources */ = {isa = PBXBuildFile; fileRef = 701E9AC71F9EEA61007AEE49 /* Assets.xcassets */; };
		7023BF971FECFF3C001FF435 /* MXSEditDiaryVC.swift in Sources */ = {isa = PBXBuildFile; fileRef = 7023BF961FECFF3C001FF435 /* MXSEditDiaryVC.swift */; };
		7023BF991FED02CA001FF435 /* MXSEditDiaryDlg.swift in Sources */ = {isa = PBXBuildFile; fileRef = 7023BF981FED02CA001FF435 /* MXSEditDiaryDlg.swift */; };
		7023BF9B1FED02E8001FF435 /* MXSEditDiaryCell.swift in Sources */ = {isa = PBXBuildFile; fileRef = 7023BF9A1FED02E8001FF435 /* MXSEditDiaryCell.swift */; };
		7023BF9D1FED2EFA001FF435 /* MXSShowDiaryVC.swift in Sources */ = {isa = PBXBuildFile; fileRef = 7023BF9C1FED2EFA001FF435 /* MXSShowDiaryVC.swift */; };
		70253DF01FBD780200A95274 /* MXSNavBar.swift in Sources */ = {isa = PBXBuildFile; fileRef = 70253DEF1FBD780200A95274 /* MXSNavBar.swift */; };
		70253E1F1FBDA28A00A95274 /* ViewController.swift in Sources */ = {isa = PBXBuildFile; fileRef = 70253E1E1FBDA28900A95274 /* ViewController.swift */; };
		702BB9F31FD8E4AE0083E123 /* MXSXcodeTableHeadView.swift in Sources */ = {isa = PBXBuildFile; fileRef = 702BB9F21FD8E4AE0083E123 /* MXSXcodeTableHeadView.swift */; };
		702DCD8A1FC28D49002CC776 /* MXSDefines.swift in Sources */ = {isa = PBXBuildFile; fileRef = 702DCD891FC28D49002CC776 /* MXSDefines.swift */; };
		702E43331FBEDF300017A7D8 /* MXSNothing.swift in Sources */ = {isa = PBXBuildFile; fileRef = 702E43321FBEDF300017A7D8 /* MXSNothing.swift */; };
		7036035F1FE75F3C00CF3E09 /* MXSDocumentCmd.swift in Sources */ = {isa = PBXBuildFile; fileRef = 7036035E1FE75F3C00CF3E09 /* MXSDocumentCmd.swift */; };
		703DA8C51FBA9B1D0059A632 /* AppDelegate.swift in Sources */ = {isa = PBXBuildFile; fileRef = 703DA8C11FBA9B1D0059A632 /* AppDelegate.swift */; };
		703DA8D61FBAB7AA0059A632 /* MXSBaseVC.swift in Sources */ = {isa = PBXBuildFile; fileRef = 703DA8D51FBAB7AA0059A632 /* MXSBaseVC.swift */; };
		703DA8D81FBAB8150059A632 /* MXSTabBarController.swift in Sources */ = {isa = PBXBuildFile; fileRef = 703DA8D71FBAB8150059A632 /* MXSTabBarController.swift */; };
		703DA8DA1FBAB9390059A632 /* MXSHomeVC.swift in Sources */ = {isa = PBXBuildFile; fileRef = 703DA8D91FBAB9390059A632 /* MXSHomeVC.swift */; };
		703DA8DC1FBAB9930059A632 /* MXSFoundVC.swift in Sources */ = {isa = PBXBuildFile; fileRef = 703DA8DB1FBAB9930059A632 /* MXSFoundVC.swift */; };
		703DA8DE1FBAB9AA0059A632 /* MXSContentVC.swift in Sources */ = {isa = PBXBuildFile; fileRef = 703DA8DD1FBAB9AA0059A632 /* MXSContentVC.swift */; };
		703DA8E21FBAB9E60059A632 /* MXSTableDlg.swift in Sources */ = {isa = PBXBuildFile; fileRef = 703DA8E11FBAB9E60059A632 /* MXSTableDlg.swift */; };
		703DA8E51FBAC97A0059A632 /* MXSVCExchangeCmd.swift in Sources */ = {isa = PBXBuildFile; fileRef = 703DA8E41FBAC97A0059A632 /* MXSVCExchangeCmd.swift */; };
		703DA8E71FBAD0200059A632 /* MXSVCPtc.swift in Sources */ = {isa = PBXBuildFile; fileRef = 703DA8E61FBAD0200059A632 /* MXSVCPtc.swift */; };
		703DA8E91FBAD37E0059A632 /* MXSNoteVC.swift in Sources */ = {isa = PBXBuildFile; fileRef = 703DA8E81FBAD37E0059A632 /* MXSNoteVC.swift */; };
		7042EFC81FEB7F99004BE421 /* String+Extension.swift in Sources */ = {isa = PBXBuildFile; fileRef = 7042EFC71FEB7F99004BE421 /* String+Extension.swift */; };
		7044B1B61FE4CD090047AE9C /* UIButton+Extension.swift in Sources */ = {isa = PBXBuildFile; fileRef = 7044B1B11FE4CD090047AE9C /* UIButton+Extension.swift */; };
		7044B1B71FE4CD090047AE9C /* UIColor+Extension.swift in Sources */ = {isa = PBXBuildFile; fileRef = 7044B1B21FE4CD090047AE9C /* UIColor+Extension.swift */; };
		7044B1B81FE4CD090047AE9C /* UIImage+Extension.swift in Sources */ = {isa = PBXBuildFile; fileRef = 7044B1B31FE4CD090047AE9C /* UIImage+Extension.swift */; };
		7044B1B91FE4CD090047AE9C /* UILabel+Extension.swift in Sources */ = {isa = PBXBuildFile; fileRef = 7044B1B41FE4CD090047AE9C /* UILabel+Extension.swift */; };
		7044B1BA1FE4CD090047AE9C /* UIView+Extension.swift in Sources */ = {isa = PBXBuildFile; fileRef = 7044B1B51FE4CD090047AE9C /* UIView+Extension.swift */; };
		7044B1CA1FE510700047AE9C /* MXSDiary+ContextOpt.swift in Sources */ = {isa = PBXBuildFile; fileRef = 7044B1C91FE510700047AE9C /* MXSDiary+ContextOpt.swift */; };
		704660881FD7B74D006EA759 /* MXSXcodePSVC.swift in Sources */ = {isa = PBXBuildFile; fileRef = 704660871FD7B74D006EA759 /* MXSXcodePSVC.swift */; };
		7046608A1FD7F4C3006EA759 /* MXSXcodePSTDlg.swift in Sources */ = {isa = PBXBuildFile; fileRef = 704660891FD7F4C3006EA759 /* MXSXcodePSTDlg.swift */; };
		7046608C1FD7F500006EA759 /* MXSXcodePSCell.swift in Sources */ = {isa = PBXBuildFile; fileRef = 7046608B1FD7F500006EA759 /* MXSXcodePSCell.swift */; };
		704BD99C1FCD30C10096DCE9 /* MXSALAssetCmd.swift in Sources */ = {isa = PBXBuildFile; fileRef = 704BD99B1FCD30C10096DCE9 /* MXSALAssetCmd.swift */; };
		704BD99E1FCD41FA0096DCE9 /* MXSCollectionViewCell.swift in Sources */ = {isa = PBXBuildFile; fileRef = 704BD99D1FCD41FA0096DCE9 /* MXSCollectionViewCell.swift */; };
		704BD9A01FCD42880096DCE9 /* MXSContentTDlg.swift in Sources */ = {isa = PBXBuildFile; fileRef = 704BD99F1FCD42880096DCE9 /* MXSContentTDlg.swift */; };
		704CC1061FEB9BF400063E0A /* MXSProfileDlg.swift in Sources */ = {isa = PBXBuildFile; fileRef = 704CC1031FEB9BF400063E0A /* MXSProfileDlg.swift */; };
		704CC1071FEB9BF400063E0A /* MXSProfileCell.swift in Sources */ = {isa = PBXBuildFile; fileRef = 704CC1041FEB9BF400063E0A /* MXSProfileCell.swift */; };
		704CC1081FEB9BF400063E0A /* MXSProfileVC.swift in Sources */ = {isa = PBXBuildFile; fileRef = 704CC1051FEB9BF400063E0A /* MXSProfileVC.swift */; };
		704CC9432007702E007740EC /* MXSAVPlayVC.swift in Sources */ = {isa = PBXBuildFile; fileRef = 704CC9422007702D007740EC /* MXSAVPlayVC.swift */; };
		705818381FC6B62B009CE7E0 /* MXSHomeDlg.swift in Sources */ = {isa = PBXBuildFile; fileRef = 705818371FC6B62B009CE7E0 /* MXSHomeDlg.swift */; };
		706003C21FD5269700759938 /* MXSPHAssetCmd.swift in Sources */ = {isa = PBXBuildFile; fileRef = 706003C11FD5269700759938 /* MXSPHAssetCmd.swift */; };
		706003C51FD52C9500759938 /* Photos.framework in Frameworks */ = {isa = PBXBuildFile; fileRef = 706003C41FD52C8300759938 /* Photos.framework */; };
		706003C61FD52C9D00759938 /* PhotosUI.framework in Frameworks */ = {isa = PBXBuildFile; fileRef = 706003C31FD52C8300759938 /* PhotosUI.framework */; };
		7063BDF51FF35253003B6AE3 /* MXSBtmAlertView.swift in Sources */ = {isa = PBXBuildFile; fileRef = 7063BDF41FF35253003B6AE3 /* MXSBtmAlertView.swift */; };
		70663FAE1FC577BB004EAE1D /* MXSTableView.swift in Sources */ = {isa = PBXBuildFile; fileRef = 70663FAD1FC577BA004EAE1D /* MXSTableView.swift */; };
		70663FB21FC58783004EAE1D /* MXSHomeCell.swift in Sources */ = {isa = PBXBuildFile; fileRef = 70663FB11FC58783004EAE1D /* MXSHomeCell.swift */; };
		70669FE61FC3E3DE001C209C /* MXSNetWork.swift in Sources */ = {isa = PBXBuildFile; fileRef = 70669FE51FC3E3DE001C209C /* MXSNetWork.swift */; };
		7068825B1FEA4904003F21DD /* MXSDiaryVC.swift in Sources */ = {isa = PBXBuildFile; fileRef = 7068825A1FEA4904003F21DD /* MXSDiaryVC.swift */; };
		7068825D1FEA4947003F21DD /* MXSDiaryCell.swift in Sources */ = {isa = PBXBuildFile; fileRef = 7068825C1FEA4947003F21DD /* MXSDiaryCell.swift */; };
		7068825F1FEA495F003F21DD /* MXSDiaryDlg.swift in Sources */ = {isa = PBXBuildFile; fileRef = 7068825E1FEA495F003F21DD /* MXSDiaryDlg.swift */; };
		706882601FEA5F96003F21DD /* ESPullToRefresh.framework in Frameworks */ = {isa = PBXBuildFile; fileRef = 706882611FEA5F96003F21DD /* ESPullToRefresh.framework */; };
		706882911FEA6F5B003F21DD /* MJRefreshAutoFooter.m in Sources */ = {isa = PBXBuildFile; fileRef = 706882651FEA6F5B003F21DD /* MJRefreshAutoFooter.m */; };
		706882921FEA6F5B003F21DD /* MJRefreshBackFooter.m in Sources */ = {isa = PBXBuildFile; fileRef = 706882671FEA6F5B003F21DD /* MJRefreshBackFooter.m */; };
		706882931FEA6F5B003F21DD /* MJRefreshComponent.m in Sources */ = {isa = PBXBuildFile; fileRef = 706882691FEA6F5B003F21DD /* MJRefreshComponent.m */; };
		706882941FEA6F5B003F21DD /* MJRefreshFooter.m in Sources */ = {isa = PBXBuildFile; fileRef = 7068826B1FEA6F5B003F21DD /* MJRefreshFooter.m */; };
		706882951FEA6F5B003F21DD /* MJRefreshHeader.m in Sources */ = {isa = PBXBuildFile; fileRef = 7068826D1FEA6F5B003F21DD /* MJRefreshHeader.m */; };
		706882961FEA6F5B003F21DD /* MJRefreshAutoGifFooter.m in Sources */ = {isa = PBXBuildFile; fileRef = 706882721FEA6F5B003F21DD /* MJRefreshAutoGifFooter.m */; };
		706882971FEA6F5B003F21DD /* MJRefreshAutoNormalFooter.m in Sources */ = {isa = PBXBuildFile; fileRef = 706882741FEA6F5B003F21DD /* MJRefreshAutoNormalFooter.m */; };
		706882981FEA6F5B003F21DD /* MJRefreshAutoStateFooter.m in Sources */ = {isa = PBXBuildFile; fileRef = 706882761FEA6F5B003F21DD /* MJRefreshAutoStateFooter.m */; };
		706882991FEA6F5B003F21DD /* MJRefreshBackGifFooter.m in Sources */ = {isa = PBXBuildFile; fileRef = 706882791FEA6F5B003F21DD /* MJRefreshBackGifFooter.m */; };
		7068829A1FEA6F5B003F21DD /* MJRefreshBackNormalFooter.m in Sources */ = {isa = PBXBuildFile; fileRef = 7068827B1FEA6F5B003F21DD /* MJRefreshBackNormalFooter.m */; };
		7068829B1FEA6F5B003F21DD /* MJRefreshBackStateFooter.m in Sources */ = {isa = PBXBuildFile; fileRef = 7068827D1FEA6F5B003F21DD /* MJRefreshBackStateFooter.m */; };
		7068829C1FEA6F5B003F21DD /* MJRefreshGifHeader.m in Sources */ = {isa = PBXBuildFile; fileRef = 706882801FEA6F5B003F21DD /* MJRefreshGifHeader.m */; };
		7068829D1FEA6F5B003F21DD /* MJRefreshNormalHeader.m in Sources */ = {isa = PBXBuildFile; fileRef = 706882821FEA6F5B003F21DD /* MJRefreshNormalHeader.m */; };
		7068829E1FEA6F5B003F21DD /* MJRefreshStateHeader.m in Sources */ = {isa = PBXBuildFile; fileRef = 706882841FEA6F5B003F21DD /* MJRefreshStateHeader.m */; };
		7068829F1FEA6F5B003F21DD /* MJRefresh.bundle in Resources */ = {isa = PBXBuildFile; fileRef = 706882851FEA6F5B003F21DD /* MJRefresh.bundle */; };
		706882A01FEA6F5B003F21DD /* MJRefreshConst.m in Sources */ = {isa = PBXBuildFile; fileRef = 706882881FEA6F5B003F21DD /* MJRefreshConst.m */; };
		706882A11FEA6F5B003F21DD /* NSBundle+MJRefresh.m in Sources */ = {isa = PBXBuildFile; fileRef = 7068828A1FEA6F5B003F21DD /* NSBundle+MJRefresh.m */; };
		706882A21FEA6F5B003F21DD /* UIScrollView+MJExtension.m in Sources */ = {isa = PBXBuildFile; fileRef = 7068828C1FEA6F5B003F21DD /* UIScrollView+MJExtension.m */; };
		706882A31FEA6F5B003F21DD /* UIScrollView+MJRefresh.m in Sources */ = {isa = PBXBuildFile; fileRef = 7068828E1FEA6F5B003F21DD /* UIScrollView+MJRefresh.m */; };
		706882A41FEA6F5B003F21DD /* UIView+MJExtension.m in Sources */ = {isa = PBXBuildFile; fileRef = 706882901FEA6F5B003F21DD /* UIView+MJExtension.m */; };
		707141061FF0D4180036CE16 /* MXSPickerView.swift in Sources */ = {isa = PBXBuildFile; fileRef = 707141051FF0D4180036CE16 /* MXSPickerView.swift */; };
		707141081FF0E1930036CE16 /* MXSPickerDlg.swift in Sources */ = {isa = PBXBuildFile; fileRef = 707141071FF0E1930036CE16 /* MXSPickerDlg.swift */; };
		7071410C1FF11A640036CE16 /* MXSToolsCmd.swift in Sources */ = {isa = PBXBuildFile; fileRef = 7071410B1FF11A640036CE16 /* MXSToolsCmd.swift */; };
		707A8D311FF6134F00596AE5 /* MXSMenuModel.xcdatamodeld in Sources */ = {isa = PBXBuildFile; fileRef = 707A8D2F1FF6134F00596AE5 /* MXSMenuModel.xcdatamodeld */; };
		707A8D3B1FF6152E00596AE5 /* MXSMenuDataCmd.swift in Sources */ = {isa = PBXBuildFile; fileRef = 707A8D3A1FF6152E00596AE5 /* MXSMenuDataCmd.swift */; };
		707A8D3E1FF6157000596AE5 /* MXSMenu+CoreDataClass.swift in Sources */ = {isa = PBXBuildFile; fileRef = 707A8D3C1FF6157000596AE5 /* MXSMenu+CoreDataClass.swift */; };
		707A8D3F1FF6157000596AE5 /* MXSMenu+CoreDataProperties.swift in Sources */ = {isa = PBXBuildFile; fileRef = 707A8D3D1FF6157000596AE5 /* MXSMenu+CoreDataProperties.swift */; };
		707A8D411FF615B100596AE5 /* MXSMenu+ContrxtOpt.swift in Sources */ = {isa = PBXBuildFile; fileRef = 707A8D401FF615B100596AE5 /* MXSMenu+ContrxtOpt.swift */; };
		707ACC111FF4A60A009E42E9 /* MXSDiary.xcdatamodeld in Sources */ = {isa = PBXBuildFile; fileRef = 707ACC0D1FF4A60A009E42E9 /* MXSDiary.xcdatamodeld */; };
		707ACC161FF4A672009E42E9 /* MXSDiary+CoreDataProperties.swift in Sources */ = {isa = PBXBuildFile; fileRef = 707ACC141FF4A672009E42E9 /* MXSDiary+CoreDataProperties.swift */; };
		707ACC171FF4A672009E42E9 /* MXSDiary+CoreDataClass.swift in Sources */ = {isa = PBXBuildFile; fileRef = 707ACC151FF4A672009E42E9 /* MXSDiary+CoreDataClass.swift */; };
		707ACC191FF4A67B009E42E9 /* MXSDiaryDataCmd.swift in Sources */ = {isa = PBXBuildFile; fileRef = 707ACC181FF4A67B009E42E9 /* MXSDiaryDataCmd.swift */; };
		707ACC1B1FF4BF79009E42E9 /* MXSPickImgCDlg.swift in Sources */ = {isa = PBXBuildFile; fileRef = 707ACC1A1FF4BF79009E42E9 /* MXSPickImgCDlg.swift */; };
		707ACC1D1FF4BFAF009E42E9 /* MXSPickImgItem.swift in Sources */ = {isa = PBXBuildFile; fileRef = 707ACC1C1FF4BFAF009E42E9 /* MXSPickImgItem.swift */; };
		707ACC1F1FF4C9C8009E42E9 /* MXSFileStorageCmd.swift in Sources */ = {isa = PBXBuildFile; fileRef = 707ACC1E1FF4C9C8009E42E9 /* MXSFileStorageCmd.swift */; };
		709254251FD66FF600195632 /* SnapKit.framework in Frameworks */ = {isa = PBXBuildFile; fileRef = 709254261FD66FF600195632 /* SnapKit.framework */; };
		709254271FD675DC00195632 /* Refresher.framework in Frameworks */ = {isa = PBXBuildFile; fileRef = 709254281FD675DC00195632 /* Refresher.framework */; };
		709254291FD675E500195632 /* Alamofire.framework in Frameworks */ = {isa = PBXBuildFile; fileRef = 7092542A1FD675E500195632 /* Alamofire.framework */; };
		70A00E201FC7E753007C649C /* MXSTableViewCell.swift in Sources */ = {isa = PBXBuildFile; fileRef = 70A00E1F1FC7E753007C649C /* MXSTableViewCell.swift */; };
		70A7E7901FCBF1E700B80A7B /* MXSCollectionDlg.swift in Sources */ = {isa = PBXBuildFile; fileRef = 70A7E78F1FCBF1E700B80A7B /* MXSCollectionDlg.swift */; };
		70A7E7921FCBF86000B80A7B /* MXSCollectionView.swift in Sources */ = {isa = PBXBuildFile; fileRef = 70A7E7911FCBF86000B80A7B /* MXSCollectionView.swift */; };
		70A7E7941FCBFA7D00B80A7B /* MXSContentCell.swift in Sources */ = {isa = PBXBuildFile; fileRef = 70A7E7931FCBFA7D00B80A7B /* MXSContentCell.swift */; };
		70A7E7971FCC004900B80A7B /* MXSPickImgVC.swift in Sources */ = {isa = PBXBuildFile; fileRef = 70A7E7961FCC004900B80A7B /* MXSPickImgVC.swift */; };
		70C8879E1FD6C389009F65A8 /* xcode_complete.json in Resources */ = {isa = PBXBuildFile; fileRef = 70C8879D1FD6C388009F65A8 /* xcode_complete.json */; };
		9590C4F1BC17910CE38A89E5 /* Pods_MXSSwift.framework in Frameworks */ = {isa = PBXBuildFile; fileRef = C44604FCE0499122A5244EAC /* Pods_MXSSwift.framework */; };
/* End PBXBuildFile section */

/* Begin PBXFileReference section */
		0FFFE5101DB6406BEBDF55F8 /* Pods-MXSSwift.release.xcconfig */ = {isa = PBXFileReference; includeInIndex = 1; lastKnownFileType = text.xcconfig; name = "Pods-MXSSwift.release.xcconfig"; path = "Pods/Target Support Files/Pods-MXSSwift/Pods-MXSSwift.release.xcconfig"; sourceTree = "<group>"; };
		55F8D7FC42357A024FB3DA5B /* Pods-MXSSwift.debug.xcconfig */ = {isa = PBXFileReference; includeInIndex = 1; lastKnownFileType = text.xcconfig; name = "Pods-MXSSwift.debug.xcconfig"; path = "Pods/Target Support Files/Pods-MXSSwift/Pods-MXSSwift.debug.xcconfig"; sourceTree = "<group>"; };
		701E9ABD1F9EEA61007AEE49 /* MXSSwift.app */ = {isa = PBXFileReference; explicitFileType = wrapper.application; includeInIndex = 0; path = MXSSwift.app; sourceTree = BUILT_PRODUCTS_DIR; };
		701E9AC71F9EEA61007AEE49 /* Assets.xcassets */ = {isa = PBXFileReference; lastKnownFileType = folder.assetcatalog; path = Assets.xcassets; sourceTree = "<group>"; };
		7023BF961FECFF3C001FF435 /* MXSEditDiaryVC.swift */ = {isa = PBXFileReference; lastKnownFileType = sourcecode.swift; path = MXSEditDiaryVC.swift; sourceTree = "<group>"; };
		7023BF981FED02CA001FF435 /* MXSEditDiaryDlg.swift */ = {isa = PBXFileReference; lastKnownFileType = sourcecode.swift; path = MXSEditDiaryDlg.swift; sourceTree = "<group>"; };
		7023BF9A1FED02E8001FF435 /* MXSEditDiaryCell.swift */ = {isa = PBXFileReference; lastKnownFileType = sourcecode.swift; path = MXSEditDiaryCell.swift; sourceTree = "<group>"; };
		7023BF9C1FED2EFA001FF435 /* MXSShowDiaryVC.swift */ = {isa = PBXFileReference; lastKnownFileType = sourcecode.swift; path = MXSShowDiaryVC.swift; sourceTree = "<group>"; };
		70253DEF1FBD780200A95274 /* MXSNavBar.swift */ = {isa = PBXFileReference; lastKnownFileType = sourcecode.swift; path = MXSNavBar.swift; sourceTree = "<group>"; };
		70253E1D1FBDA04F00A95274 /* Header-Briding-Header.h */ = {isa = PBXFileReference; lastKnownFileType = sourcecode.c.h; path = "Header-Briding-Header.h"; sourceTree = "<group>"; };
		70253E1E1FBDA28900A95274 /* ViewController.swift */ = {isa = PBXFileReference; fileEncoding = 4; lastKnownFileType = sourcecode.swift; path = ViewController.swift; sourceTree = "<group>"; };
		702BB9F21FD8E4AE0083E123 /* MXSXcodeTableHeadView.swift */ = {isa = PBXFileReference; lastKnownFileType = sourcecode.swift; path = MXSXcodeTableHeadView.swift; sourceTree = "<group>"; };
		702DCD891FC28D49002CC776 /* MXSDefines.swift */ = {isa = PBXFileReference; lastKnownFileType = sourcecode.swift; path = MXSDefines.swift; sourceTree = "<group>"; };
		702E43321FBEDF300017A7D8 /* MXSNothing.swift */ = {isa = PBXFileReference; lastKnownFileType = sourcecode.swift; path = MXSNothing.swift; sourceTree = "<group>"; };
		7036035E1FE75F3C00CF3E09 /* MXSDocumentCmd.swift */ = {isa = PBXFileReference; lastKnownFileType = sourcecode.swift; path = MXSDocumentCmd.swift; sourceTree = "<group>"; };
		703DA8C11FBA9B1D0059A632 /* AppDelegate.swift */ = {isa = PBXFileReference; fileEncoding = 4; lastKnownFileType = sourcecode.swift; path = AppDelegate.swift; sourceTree = "<group>"; };
		703DA8C21FBA9B1D0059A632 /* Info.plist */ = {isa = PBXFileReference; fileEncoding = 4; lastKnownFileType = text.plist.xml; path = Info.plist; sourceTree = "<group>"; };
		703DA8D51FBAB7AA0059A632 /* MXSBaseVC.swift */ = {isa = PBXFileReference; lastKnownFileType = sourcecode.swift; path = "MXS\U0010\U0010BaseVC.swift"; sourceTree = "<group>"; };
		703DA8D71FBAB8150059A632 /* MXSTabBarController.swift */ = {isa = PBXFileReference; lastKnownFileType = sourcecode.swift; path = MXSTabBarController.swift; sourceTree = "<group>"; };
		703DA8D91FBAB9390059A632 /* MXSHomeVC.swift */ = {isa = PBXFileReference; lastKnownFileType = sourcecode.swift; path = MXSHomeVC.swift; sourceTree = "<group>"; };
		703DA8DB1FBAB9930059A632 /* MXSFoundVC.swift */ = {isa = PBXFileReference; lastKnownFileType = sourcecode.swift; path = MXSFoundVC.swift; sourceTree = "<group>"; };
		703DA8DD1FBAB9AA0059A632 /* MXSContentVC.swift */ = {isa = PBXFileReference; lastKnownFileType = sourcecode.swift; path = MXSContentVC.swift; sourceTree = "<group>"; };
		703DA8E11FBAB9E60059A632 /* MXSTableDlg.swift */ = {isa = PBXFileReference; lastKnownFileType = sourcecode.swift; path = MXSTableDlg.swift; sourceTree = "<group>"; };
		703DA8E41FBAC97A0059A632 /* MXSVCExchangeCmd.swift */ = {isa = PBXFileReference; lastKnownFileType = sourcecode.swift; path = MXSVCExchangeCmd.swift; sourceTree = "<group>"; };
		703DA8E61FBAD0200059A632 /* MXSVCPtc.swift */ = {isa = PBXFileReference; lastKnownFileType = sourcecode.swift; path = MXSVCPtc.swift; sourceTree = "<group>"; };
		703DA8E81FBAD37E0059A632 /* MXSNoteVC.swift */ = {isa = PBXFileReference; lastKnownFileType = sourcecode.swift; path = MXSNoteVC.swift; sourceTree = "<group>"; };
		7042EFC71FEB7F99004BE421 /* String+Extension.swift */ = {isa = PBXFileReference; lastKnownFileType = sourcecode.swift; path = "String+Extension.swift"; sourceTree = "<group>"; };
		7044B1B11FE4CD090047AE9C /* UIButton+Extension.swift */ = {isa = PBXFileReference; fileEncoding = 4; lastKnownFileType = sourcecode.swift; path = "UIButton+Extension.swift"; sourceTree = "<group>"; };
		7044B1B21FE4CD090047AE9C /* UIColor+Extension.swift */ = {isa = PBXFileReference; fileEncoding = 4; lastKnownFileType = sourcecode.swift; path = "UIColor+Extension.swift"; sourceTree = "<group>"; };
		7044B1B31FE4CD090047AE9C /* UIImage+Extension.swift */ = {isa = PBXFileReference; fileEncoding = 4; lastKnownFileType = sourcecode.swift; path = "UIImage+Extension.swift"; sourceTree = "<group>"; };
		7044B1B41FE4CD090047AE9C /* UILabel+Extension.swift */ = {isa = PBXFileReference; fileEncoding = 4; lastKnownFileType = sourcecode.swift; path = "UILabel+Extension.swift"; sourceTree = "<group>"; };
		7044B1B51FE4CD090047AE9C /* UIView+Extension.swift */ = {isa = PBXFileReference; fileEncoding = 4; lastKnownFileType = sourcecode.swift; path = "UIView+Extension.swift"; sourceTree = "<group>"; };
		7044B1C91FE510700047AE9C /* MXSDiary+ContextOpt.swift */ = {isa = PBXFileReference; lastKnownFileType = sourcecode.swift; path = "MXSDiary+ContextOpt.swift"; sourceTree = "<group>"; };
		704660871FD7B74D006EA759 /* MXSXcodePSVC.swift */ = {isa = PBXFileReference; lastKnownFileType = sourcecode.swift; path = MXSXcodePSVC.swift; sourceTree = "<group>"; };
		704660891FD7F4C3006EA759 /* MXSXcodePSTDlg.swift */ = {isa = PBXFileReference; lastKnownFileType = sourcecode.swift; path = MXSXcodePSTDlg.swift; sourceTree = "<group>"; };
		7046608B1FD7F500006EA759 /* MXSXcodePSCell.swift */ = {isa = PBXFileReference; lastKnownFileType = sourcecode.swift; path = MXSXcodePSCell.swift; sourceTree = "<group>"; };
		704BD99B1FCD30C10096DCE9 /* MXSALAssetCmd.swift */ = {isa = PBXFileReference; lastKnownFileType = sourcecode.swift; path = MXSALAssetCmd.swift; sourceTree = "<group>"; };
		704BD99D1FCD41FA0096DCE9 /* MXSCollectionViewCell.swift */ = {isa = PBXFileReference; lastKnownFileType = sourcecode.swift; path = MXSCollectionViewCell.swift; sourceTree = "<group>"; };
		704BD99F1FCD42880096DCE9 /* MXSContentTDlg.swift */ = {isa = PBXFileReference; lastKnownFileType = sourcecode.swift; path = MXSContentTDlg.swift; sourceTree = "<group>"; };
		704CC1031FEB9BF400063E0A /* MXSProfileDlg.swift */ = {isa = PBXFileReference; fileEncoding = 4; lastKnownFileType = sourcecode.swift; path = MXSProfileDlg.swift; sourceTree = "<group>"; };
		704CC1041FEB9BF400063E0A /* MXSProfileCell.swift */ = {isa = PBXFileReference; fileEncoding = 4; lastKnownFileType = sourcecode.swift; path = MXSProfileCell.swift; sourceTree = "<group>"; };
		704CC1051FEB9BF400063E0A /* MXSProfileVC.swift */ = {isa = PBXFileReference; fileEncoding = 4; lastKnownFileType = sourcecode.swift; path = MXSProfileVC.swift; sourceTree = "<group>"; };
		704CC9422007702D007740EC /* MXSAVPlayVC.swift */ = {isa = PBXFileReference; lastKnownFileType = sourcecode.swift; path = MXSAVPlayVC.swift; sourceTree = "<group>"; };
		705818371FC6B62B009CE7E0 /* MXSHomeDlg.swift */ = {isa = PBXFileReference; lastKnownFileType = sourcecode.swift; path = MXSHomeDlg.swift; sourceTree = "<group>"; };
		706003C11FD5269700759938 /* MXSPHAssetCmd.swift */ = {isa = PBXFileReference; lastKnownFileType = sourcecode.swift; path = MXSPHAssetCmd.swift; sourceTree = "<group>"; };
		706003C31FD52C8300759938 /* PhotosUI.framework */ = {isa = PBXFileReference; lastKnownFileType = wrapper.framework; name = PhotosUI.framework; path = System/Library/Frameworks/PhotosUI.framework; sourceTree = SDKROOT; };
		706003C41FD52C8300759938 /* Photos.framework */ = {isa = PBXFileReference; lastKnownFileType = wrapper.framework; name = Photos.framework; path = System/Library/Frameworks/Photos.framework; sourceTree = SDKROOT; };
		7063BDF41FF35253003B6AE3 /* MXSBtmAlertView.swift */ = {isa = PBXFileReference; lastKnownFileType = sourcecode.swift; path = MXSBtmAlertView.swift; sourceTree = "<group>"; };
		70663FAD1FC577BA004EAE1D /* MXSTableView.swift */ = {isa = PBXFileReference; lastKnownFileType = sourcecode.swift; path = MXSTableView.swift; sourceTree = "<group>"; };
		70663FB11FC58783004EAE1D /* MXSHomeCell.swift */ = {isa = PBXFileReference; lastKnownFileType = sourcecode.swift; path = MXSHomeCell.swift; sourceTree = "<group>"; };
		70669FE51FC3E3DE001C209C /* MXSNetWork.swift */ = {isa = PBXFileReference; lastKnownFileType = sourcecode.swift; path = MXSNetWork.swift; sourceTree = "<group>"; };
		7068825A1FEA4904003F21DD /* MXSDiaryVC.swift */ = {isa = PBXFileReference; lastKnownFileType = sourcecode.swift; path = MXSDiaryVC.swift; sourceTree = "<group>"; };
		7068825C1FEA4947003F21DD /* MXSDiaryCell.swift */ = {isa = PBXFileReference; lastKnownFileType = sourcecode.swift; path = MXSDiaryCell.swift; sourceTree = "<group>"; };
		7068825E1FEA495F003F21DD /* MXSDiaryDlg.swift */ = {isa = PBXFileReference; lastKnownFileType = sourcecode.swift; path = MXSDiaryDlg.swift; sourceTree = "<group>"; };
		706882611FEA5F96003F21DD /* ESPullToRefresh.framework */ = {isa = PBXFileReference; explicitFileType = wrapper.framework; path = ESPullToRefresh.framework; sourceTree = BUILT_PRODUCTS_DIR; };
		706882641FEA6F5B003F21DD /* MJRefreshAutoFooter.h */ = {isa = PBXFileReference; fileEncoding = 4; lastKnownFileType = sourcecode.c.h; path = MJRefreshAutoFooter.h; sourceTree = "<group>"; };
		706882651FEA6F5B003F21DD /* MJRefreshAutoFooter.m */ = {isa = PBXFileReference; fileEncoding = 4; lastKnownFileType = sourcecode.c.objc; path = MJRefreshAutoFooter.m; sourceTree = "<group>"; };
		706882661FEA6F5B003F21DD /* MJRefreshBackFooter.h */ = {isa = PBXFileReference; fileEncoding = 4; lastKnownFileType = sourcecode.c.h; path = MJRefreshBackFooter.h; sourceTree = "<group>"; };
		706882671FEA6F5B003F21DD /* MJRefreshBackFooter.m */ = {isa = PBXFileReference; fileEncoding = 4; lastKnownFileType = sourcecode.c.objc; path = MJRefreshBackFooter.m; sourceTree = "<group>"; };
		706882681FEA6F5B003F21DD /* MJRefreshComponent.h */ = {isa = PBXFileReference; fileEncoding = 4; lastKnownFileType = sourcecode.c.h; path = MJRefreshComponent.h; sourceTree = "<group>"; };
		706882691FEA6F5B003F21DD /* MJRefreshComponent.m */ = {isa = PBXFileReference; fileEncoding = 4; lastKnownFileType = sourcecode.c.objc; path = MJRefreshComponent.m; sourceTree = "<group>"; };
		7068826A1FEA6F5B003F21DD /* MJRefreshFooter.h */ = {isa = PBXFileReference; fileEncoding = 4; lastKnownFileType = sourcecode.c.h; path = MJRefreshFooter.h; sourceTree = "<group>"; };
		7068826B1FEA6F5B003F21DD /* MJRefreshFooter.m */ = {isa = PBXFileReference; fileEncoding = 4; lastKnownFileType = sourcecode.c.objc; path = MJRefreshFooter.m; sourceTree = "<group>"; };
		7068826C1FEA6F5B003F21DD /* MJRefreshHeader.h */ = {isa = PBXFileReference; fileEncoding = 4; lastKnownFileType = sourcecode.c.h; path = MJRefreshHeader.h; sourceTree = "<group>"; };
		7068826D1FEA6F5B003F21DD /* MJRefreshHeader.m */ = {isa = PBXFileReference; fileEncoding = 4; lastKnownFileType = sourcecode.c.objc; path = MJRefreshHeader.m; sourceTree = "<group>"; };
		706882711FEA6F5B003F21DD /* MJRefreshAutoGifFooter.h */ = {isa = PBXFileReference; fileEncoding = 4; lastKnownFileType = sourcecode.c.h; path = MJRefreshAutoGifFooter.h; sourceTree = "<group>"; };
		706882721FEA6F5B003F21DD /* MJRefreshAutoGifFooter.m */ = {isa = PBXFileReference; fileEncoding = 4; lastKnownFileType = sourcecode.c.objc; path = MJRefreshAutoGifFooter.m; sourceTree = "<group>"; };
		706882731FEA6F5B003F21DD /* MJRefreshAutoNormalFooter.h */ = {isa = PBXFileReference; fileEncoding = 4; lastKnownFileType = sourcecode.c.h; path = MJRefreshAutoNormalFooter.h; sourceTree = "<group>"; };
		706882741FEA6F5B003F21DD /* MJRefreshAutoNormalFooter.m */ = {isa = PBXFileReference; fileEncoding = 4; lastKnownFileType = sourcecode.c.objc; path = MJRefreshAutoNormalFooter.m; sourceTree = "<group>"; };
		706882751FEA6F5B003F21DD /* MJRefreshAutoStateFooter.h */ = {isa = PBXFileReference; fileEncoding = 4; lastKnownFileType = sourcecode.c.h; path = MJRefreshAutoStateFooter.h; sourceTree = "<group>"; };
		706882761FEA6F5B003F21DD /* MJRefreshAutoStateFooter.m */ = {isa = PBXFileReference; fileEncoding = 4; lastKnownFileType = sourcecode.c.objc; path = MJRefreshAutoStateFooter.m; sourceTree = "<group>"; };
		706882781FEA6F5B003F21DD /* MJRefreshBackGifFooter.h */ = {isa = PBXFileReference; fileEncoding = 4; lastKnownFileType = sourcecode.c.h; path = MJRefreshBackGifFooter.h; sourceTree = "<group>"; };
		706882791FEA6F5B003F21DD /* MJRefreshBackGifFooter.m */ = {isa = PBXFileReference; fileEncoding = 4; lastKnownFileType = sourcecode.c.objc; path = MJRefreshBackGifFooter.m; sourceTree = "<group>"; };
		7068827A1FEA6F5B003F21DD /* MJRefreshBackNormalFooter.h */ = {isa = PBXFileReference; fileEncoding = 4; lastKnownFileType = sourcecode.c.h; path = MJRefreshBackNormalFooter.h; sourceTree = "<group>"; };
		7068827B1FEA6F5B003F21DD /* MJRefreshBackNormalFooter.m */ = {isa = PBXFileReference; fileEncoding = 4; lastKnownFileType = sourcecode.c.objc; path = MJRefreshBackNormalFooter.m; sourceTree = "<group>"; };
		7068827C1FEA6F5B003F21DD /* MJRefreshBackStateFooter.h */ = {isa = PBXFileReference; fileEncoding = 4; lastKnownFileType = sourcecode.c.h; path = MJRefreshBackStateFooter.h; sourceTree = "<group>"; };
		7068827D1FEA6F5B003F21DD /* MJRefreshBackStateFooter.m */ = {isa = PBXFileReference; fileEncoding = 4; lastKnownFileType = sourcecode.c.objc; path = MJRefreshBackStateFooter.m; sourceTree = "<group>"; };
		7068827F1FEA6F5B003F21DD /* MJRefreshGifHeader.h */ = {isa = PBXFileReference; fileEncoding = 4; lastKnownFileType = sourcecode.c.h; path = MJRefreshGifHeader.h; sourceTree = "<group>"; };
		706882801FEA6F5B003F21DD /* MJRefreshGifHeader.m */ = {isa = PBXFileReference; fileEncoding = 4; lastKnownFileType = sourcecode.c.objc; path = MJRefreshGifHeader.m; sourceTree = "<group>"; };
		706882811FEA6F5B003F21DD /* MJRefreshNormalHeader.h */ = {isa = PBXFileReference; fileEncoding = 4; lastKnownFileType = sourcecode.c.h; path = MJRefreshNormalHeader.h; sourceTree = "<group>"; };
		706882821FEA6F5B003F21DD /* MJRefreshNormalHeader.m */ = {isa = PBXFileReference; fileEncoding = 4; lastKnownFileType = sourcecode.c.objc; path = MJRefreshNormalHeader.m; sourceTree = "<group>"; };
		706882831FEA6F5B003F21DD /* MJRefreshStateHeader.h */ = {isa = PBXFileReference; fileEncoding = 4; lastKnownFileType = sourcecode.c.h; path = MJRefreshStateHeader.h; sourceTree = "<group>"; };
		706882841FEA6F5B003F21DD /* MJRefreshStateHeader.m */ = {isa = PBXFileReference; fileEncoding = 4; lastKnownFileType = sourcecode.c.objc; path = MJRefreshStateHeader.m; sourceTree = "<group>"; };
		706882851FEA6F5B003F21DD /* MJRefresh.bundle */ = {isa = PBXFileReference; lastKnownFileType = "wrapper.plug-in"; path = MJRefresh.bundle; sourceTree = "<group>"; };
		706882861FEA6F5B003F21DD /* MJRefresh.h */ = {isa = PBXFileReference; fileEncoding = 4; lastKnownFileType = sourcecode.c.h; path = MJRefresh.h; sourceTree = "<group>"; };
		706882871FEA6F5B003F21DD /* MJRefreshConst.h */ = {isa = PBXFileReference; fileEncoding = 4; lastKnownFileType = sourcecode.c.h; path = MJRefreshConst.h; sourceTree = "<group>"; };
		706882881FEA6F5B003F21DD /* MJRefreshConst.m */ = {isa = PBXFileReference; fileEncoding = 4; lastKnownFileType = sourcecode.c.objc; path = MJRefreshConst.m; sourceTree = "<group>"; };
		706882891FEA6F5B003F21DD /* NSBundle+MJRefresh.h */ = {isa = PBXFileReference; fileEncoding = 4; lastKnownFileType = sourcecode.c.h; path = "NSBundle+MJRefresh.h"; sourceTree = "<group>"; };
		7068828A1FEA6F5B003F21DD /* NSBundle+MJRefresh.m */ = {isa = PBXFileReference; fileEncoding = 4; lastKnownFileType = sourcecode.c.objc; path = "NSBundle+MJRefresh.m"; sourceTree = "<group>"; };
		7068828B1FEA6F5B003F21DD /* UIScrollView+MJExtension.h */ = {isa = PBXFileReference; fileEncoding = 4; lastKnownFileType = sourcecode.c.h; path = "UIScrollView+MJExtension.h"; sourceTree = "<group>"; };
		7068828C1FEA6F5B003F21DD /* UIScrollView+MJExtension.m */ = {isa = PBXFileReference; fileEncoding = 4; lastKnownFileType = sourcecode.c.objc; path = "UIScrollView+MJExtension.m"; sourceTree = "<group>"; };
		7068828D1FEA6F5B003F21DD /* UIScrollView+MJRefresh.h */ = {isa = PBXFileReference; fileEncoding = 4; lastKnownFileType = sourcecode.c.h; path = "UIScrollView+MJRefresh.h"; sourceTree = "<group>"; };
		7068828E1FEA6F5B003F21DD /* UIScrollView+MJRefresh.m */ = {isa = PBXFileReference; fileEncoding = 4; lastKnownFileType = sourcecode.c.objc; path = "UIScrollView+MJRefresh.m"; sourceTree = "<group>"; };
		7068828F1FEA6F5B003F21DD /* UIView+MJExtension.h */ = {isa = PBXFileReference; fileEncoding = 4; lastKnownFileType = sourcecode.c.h; path = "UIView+MJExtension.h"; sourceTree = "<group>"; };
		706882901FEA6F5B003F21DD /* UIView+MJExtension.m */ = {isa = PBXFileReference; fileEncoding = 4; lastKnownFileType = sourcecode.c.objc; path = "UIView+MJExtension.m"; sourceTree = "<group>"; };
		706882A61FEA8A02003F21DD /* MJRefresh.framework */ = {isa = PBXFileReference; explicitFileType = wrapper.framework; path = MJRefresh.framework; sourceTree = BUILT_PRODUCTS_DIR; };
		707141051FF0D4180036CE16 /* MXSPickerView.swift */ = {isa = PBXFileReference; lastKnownFileType = sourcecode.swift; path = MXSPickerView.swift; sourceTree = "<group>"; };
		707141071FF0E1930036CE16 /* MXSPickerDlg.swift */ = {isa = PBXFileReference; lastKnownFileType = sourcecode.swift; path = MXSPickerDlg.swift; sourceTree = "<group>"; };
		7071410B1FF11A640036CE16 /* MXSToolsCmd.swift */ = {isa = PBXFileReference; lastKnownFileType = sourcecode.swift; path = MXSToolsCmd.swift; sourceTree = "<group>"; };
		707A8D2B1FF5F1FA00596AE5 /* MXSDaily1.1.xcdatamodel */ = {isa = PBXFileReference; lastKnownFileType = wrapper.xcdatamodel; path = MXSDaily1.1.xcdatamodel; sourceTree = "<group>"; };
		707A8D301FF6134F00596AE5 /* MXSMenuModel.xcdatamodel */ = {isa = PBXFileReference; lastKnownFileType = wrapper.xcdatamodel; path = MXSMenuModel.xcdatamodel; sourceTree = "<group>"; };
		707A8D3A1FF6152E00596AE5 /* MXSMenuDataCmd.swift */ = {isa = PBXFileReference; lastKnownFileType = sourcecode.swift; path = MXSMenuDataCmd.swift; sourceTree = "<group>"; };
		707A8D3C1FF6157000596AE5 /* MXSMenu+CoreDataClass.swift */ = {isa = PBXFileReference; lastKnownFileType = sourcecode.swift; path = "MXSMenu+CoreDataClass.swift"; sourceTree = "<group>"; };
		707A8D3D1FF6157000596AE5 /* MXSMenu+CoreDataProperties.swift */ = {isa = PBXFileReference; lastKnownFileType = sourcecode.swift; path = "MXSMenu+CoreDataProperties.swift"; sourceTree = "<group>"; };
		707A8D401FF615B100596AE5 /* MXSMenu+ContrxtOpt.swift */ = {isa = PBXFileReference; lastKnownFileType = sourcecode.swift; path = "MXSMenu+ContrxtOpt.swift"; sourceTree = "<group>"; };
		707ACC0E1FF4A60A009E42E9 /* MXSDaily.xcdatamodel */ = {isa = PBXFileReference; lastKnownFileType = wrapper.xcdatamodel; path = MXSDaily.xcdatamodel; sourceTree = "<group>"; };
		707ACC141FF4A672009E42E9 /* MXSDiary+CoreDataProperties.swift */ = {isa = PBXFileReference; fileEncoding = 4; lastKnownFileType = sourcecode.swift; path = "MXSDiary+CoreDataProperties.swift"; sourceTree = "<group>"; };
		707ACC151FF4A672009E42E9 /* MXSDiary+CoreDataClass.swift */ = {isa = PBXFileReference; fileEncoding = 4; lastKnownFileType = sourcecode.swift; path = "MXSDiary+CoreDataClass.swift"; sourceTree = "<group>"; };
		707ACC181FF4A67B009E42E9 /* MXSDiaryDataCmd.swift */ = {isa = PBXFileReference; fileEncoding = 4; lastKnownFileType = sourcecode.swift; path = MXSDiaryDataCmd.swift; sourceTree = "<group>"; };
		707ACC1A1FF4BF79009E42E9 /* MXSPickImgCDlg.swift */ = {isa = PBXFileReference; lastKnownFileType = sourcecode.swift; path = MXSPickImgCDlg.swift; sourceTree = "<group>"; };
		707ACC1C1FF4BFAF009E42E9 /* MXSPickImgItem.swift */ = {isa = PBXFileReference; lastKnownFileType = sourcecode.swift; path = MXSPickImgItem.swift; sourceTree = "<group>"; };
		707ACC1E1FF4C9C8009E42E9 /* MXSFileStorageCmd.swift */ = {isa = PBXFileReference; lastKnownFileType = sourcecode.swift; path = MXSFileStorageCmd.swift; sourceTree = "<group>"; };
		709254261FD66FF600195632 /* SnapKit.framework */ = {isa = PBXFileReference; explicitFileType = wrapper.framework; path = SnapKit.framework; sourceTree = BUILT_PRODUCTS_DIR; };
		709254281FD675DC00195632 /* Refresher.framework */ = {isa = PBXFileReference; explicitFileType = wrapper.framework; path = Refresher.framework; sourceTree = BUILT_PRODUCTS_DIR; };
		7092542A1FD675E500195632 /* Alamofire.framework */ = {isa = PBXFileReference; explicitFileType = wrapper.framework; path = Alamofire.framework; sourceTree = BUILT_PRODUCTS_DIR; };
		70A00E1F1FC7E753007C649C /* MXSTableViewCell.swift */ = {isa = PBXFileReference; lastKnownFileType = sourcecode.swift; path = MXSTableViewCell.swift; sourceTree = "<group>"; };
		70A7E78F1FCBF1E700B80A7B /* MXSCollectionDlg.swift */ = {isa = PBXFileReference; lastKnownFileType = sourcecode.swift; path = MXSCollectionDlg.swift; sourceTree = "<group>"; };
		70A7E7911FCBF86000B80A7B /* MXSCollectionView.swift */ = {isa = PBXFileReference; lastKnownFileType = sourcecode.swift; path = MXSCollectionView.swift; sourceTree = "<group>"; };
		70A7E7931FCBFA7D00B80A7B /* MXSContentCell.swift */ = {isa = PBXFileReference; lastKnownFileType = sourcecode.swift; path = MXSContentCell.swift; sourceTree = "<group>"; };
		70A7E7961FCC004900B80A7B /* MXSPickImgVC.swift */ = {isa = PBXFileReference; lastKnownFileType = sourcecode.swift; path = MXSPickImgVC.swift; sourceTree = "<group>"; };
		70C8879D1FD6C388009F65A8 /* xcode_complete.json */ = {isa = PBXFileReference; fileEncoding = 4; lastKnownFileType = text.json; path = xcode_complete.json; sourceTree = "<group>"; };
		C44604FCE0499122A5244EAC /* Pods_MXSSwift.framework */ = {isa = PBXFileReference; explicitFileType = wrapper.framework; includeInIndex = 0; path = Pods_MXSSwift.framework; sourceTree = BUILT_PRODUCTS_DIR; };
/* End PBXFileReference section */

/* Begin PBXFrameworksBuildPhase section */
		701E9ABA1F9EEA61007AEE49 /* Frameworks */ = {
			isa = PBXFrameworksBuildPhase;
			buildActionMask = 2147483647;
			files = (
				706882601FEA5F96003F21DD /* ESPullToRefresh.framework in Frameworks */,
				709254291FD675E500195632 /* Alamofire.framework in Frameworks */,
				709254271FD675DC00195632 /* Refresher.framework in Frameworks */,
				709254251FD66FF600195632 /* SnapKit.framework in Frameworks */,
				706003C61FD52C9D00759938 /* PhotosUI.framework in Frameworks */,
				706003C51FD52C9500759938 /* Photos.framework in Frameworks */,
				9590C4F1BC17910CE38A89E5 /* Pods_MXSSwift.framework in Frameworks */,
			);
			runOnlyForDeploymentPostprocessing = 0;
		};
/* End PBXFrameworksBuildPhase section */

/* Begin PBXGroup section */
		364B6B0A64F8683D9378ED82 /* Pods */ = {
			isa = PBXGroup;
			children = (
				55F8D7FC42357A024FB3DA5B /* Pods-MXSSwift.debug.xcconfig */,
				0FFFE5101DB6406BEBDF55F8 /* Pods-MXSSwift.release.xcconfig */,
			);
			name = Pods;
			sourceTree = "<group>";
		};
		701E9AB41F9EEA61007AEE49 = {
			isa = PBXGroup;
			children = (
				701E9ABF1F9EEA61007AEE49 /* MXSSwift */,
				701E9ABE1F9EEA61007AEE49 /* Products */,
				364B6B0A64F8683D9378ED82 /* Pods */,
				8088668B00251996CB9E07AC /* Frameworks */,
			);
			sourceTree = "<group>";
		};
		701E9ABE1F9EEA61007AEE49 /* Products */ = {
			isa = PBXGroup;
			children = (
				701E9ABD1F9EEA61007AEE49 /* MXSSwift.app */,
			);
			name = Products;
			sourceTree = "<group>";
		};
		701E9ABF1F9EEA61007AEE49 /* MXSSwift */ = {
			isa = PBXGroup;
			children = (
				703DA8E31FBAC9640059A632 /* MXSCmd */,
				703DA8D41FBAB7600059A632 /* BaseController */,
				703DA8D01FBA9C350059A632 /* Common */,
				703DA8C91FBA9C350059A632 /* Classes */,
				703DA8C81FBA9C350059A632 /* lib */,
				703DA8D31FBA9C350059A632 /* Model */,
				70253E1C1FBDA00A00A95274 /* Support Files */,
				703DA8C01FBA9B1D0059A632 /* main */,
				701E9AC71F9EEA61007AEE49 /* Assets.xcassets */,
			);
			path = MXSSwift;
			sourceTree = "<group>";
		};
		70253E1C1FBDA00A00A95274 /* Support Files */ = {
			isa = PBXGroup;
			children = (
				70C8879D1FD6C388009F65A8 /* xcode_complete.json */,
				70253E1D1FBDA04F00A95274 /* Header-Briding-Header.h */,
				702DCD891FC28D49002CC776 /* MXSDefines.swift */,
			);
			path = "Support Files";
			sourceTree = "<group>";
		};
		702E43311FBEDEF10017A7D8 /* CommonClass */ = {
			isa = PBXGroup;
			children = (
				702E43321FBEDF300017A7D8 /* MXSNothing.swift */,
				70669FE51FC3E3DE001C209C /* MXSNetWork.swift */,
			);
			path = CommonClass;
			sourceTree = "<group>";
		};
		703DA8C01FBA9B1D0059A632 /* main */ = {
			isa = PBXGroup;
			children = (
				70253E1E1FBDA28900A95274 /* ViewController.swift */,
				703DA8C11FBA9B1D0059A632 /* AppDelegate.swift */,
				703DA8C21FBA9B1D0059A632 /* Info.plist */,
			);
			path = main;
			sourceTree = "<group>";
		};
		703DA8C81FBA9C350059A632 /* lib */ = {
			isa = PBXGroup;
			children = (
				706882621FEA6F5B003F21DD /* MJRefresh */,
				7044B1B01FE4CD090047AE9C /* Extension */,
			);
			path = lib;
			sourceTree = "<group>";
		};
		703DA8C91FBA9C350059A632 /* Classes */ = {
			isa = PBXGroup;
			children = (
				703DA8CA1FBA9C350059A632 /* Content */,
				703DA8CB1FBA9C350059A632 /* Found */,
				703DA8CC1FBA9C350059A632 /* Home */,
				703DA8CF1FBA9C350059A632 /* Profile */,
			);
			path = Classes;
			sourceTree = "<group>";
		};
		703DA8CA1FBA9C350059A632 /* Content */ = {
			isa = PBXGroup;
			children = (
				703DA8DD1FBAB9AA0059A632 /* MXSContentVC.swift */,
				704BD99F1FCD42880096DCE9 /* MXSContentTDlg.swift */,
				70A7E7931FCBFA7D00B80A7B /* MXSContentCell.swift */,
			);
			path = Content;
			sourceTree = "<group>";
		};
		703DA8CB1FBA9C350059A632 /* Found */ = {
			isa = PBXGroup;
			children = (
				703DA8DB1FBAB9930059A632 /* MXSFoundVC.swift */,
			);
			path = Found;
			sourceTree = "<group>";
		};
		703DA8CC1FBA9C350059A632 /* Home */ = {
			isa = PBXGroup;
			children = (
				704CC93D20063A25007740EC /* AVPlayVC */,
				703DA8CD1FBA9C350059A632 /* HomeVC */,
				703DA8CE1FBA9C350059A632 /* NoteVC */,
			);
			path = Home;
			sourceTree = "<group>";
		};
		703DA8CD1FBA9C350059A632 /* HomeVC */ = {
			isa = PBXGroup;
			children = (
				703DA8D91FBAB9390059A632 /* MXSHomeVC.swift */,
				70663FB11FC58783004EAE1D /* MXSHomeCell.swift */,
				705818371FC6B62B009CE7E0 /* MXSHomeDlg.swift */,
			);
			path = HomeVC;
			sourceTree = "<group>";
		};
		703DA8CE1FBA9C350059A632 /* NoteVC */ = {
			isa = PBXGroup;
			children = (
				703DA8E81FBAD37E0059A632 /* MXSNoteVC.swift */,
			);
			path = NoteVC;
			sourceTree = "<group>";
		};
		703DA8CF1FBA9C350059A632 /* Profile */ = {
			isa = PBXGroup;
			children = (
				704CC1021FEB9BDB00063E0A /* ProfileVC */,
				704CEE481FE8F6530055DDBB /* Diary */,
				704660861FD7B72C006EA759 /* XcodePS */,
				70A7E7951FCC002400B80A7B /* ImagePicker */,
			);
			path = Profile;
			sourceTree = "<group>";
		};
		703DA8D01FBA9C350059A632 /* Common */ = {
			isa = PBXGroup;
			children = (
				702E43311FBEDEF10017A7D8 /* CommonClass */,
				703DA8D11FBA9C350059A632 /* CommonDelegate */,
				703DA8D21FBA9C350059A632 /* CommonViews */,
			);
			path = Common;
			sourceTree = "<group>";
		};
		703DA8D11FBA9C350059A632 /* CommonDelegate */ = {
			isa = PBXGroup;
			children = (
				703DA8E11FBAB9E60059A632 /* MXSTableDlg.swift */,
				70A7E78F1FCBF1E700B80A7B /* MXSCollectionDlg.swift */,
				707141071FF0E1930036CE16 /* MXSPickerDlg.swift */,
			);
			path = CommonDelegate;
			sourceTree = "<group>";
		};
		703DA8D21FBA9C350059A632 /* CommonViews */ = {
			isa = PBXGroup;
			children = (
				70253DEF1FBD780200A95274 /* MXSNavBar.swift */,
				70663FAD1FC577BA004EAE1D /* MXSTableView.swift */,
				70A00E1F1FC7E753007C649C /* MXSTableViewCell.swift */,
				70A7E7911FCBF86000B80A7B /* MXSCollectionView.swift */,
				704BD99D1FCD41FA0096DCE9 /* MXSCollectionViewCell.swift */,
				707141051FF0D4180036CE16 /* MXSPickerView.swift */,
				7063BDF41FF35253003B6AE3 /* MXSBtmAlertView.swift */,
			);
			path = CommonViews;
			sourceTree = "<group>";
		};
		703DA8D31FBA9C350059A632 /* Model */ = {
			isa = PBXGroup;
			children = (
				707A8D291FF5F08800596AE5 /* Menu */,
				707A8D2A1FF5F08800596AE5 /* RandomHistory */,
				707ACC0C1FF4A60A009E42E9 /* CoreData */,
				7075C00E1FE3ED9500E03491 /* Daily */,
				7036035E1FE75F3C00CF3E09 /* MXSDocumentCmd.swift */,
			);
			path = Model;
			sourceTree = "<group>";
		};
		703DA8D41FBAB7600059A632 /* BaseController */ = {
			isa = PBXGroup;
			children = (
				703DA8D51FBAB7AA0059A632 /* MXSBaseVC.swift */,
				703DA8D71FBAB8150059A632 /* MXSTabBarController.swift */,
				703DA8E61FBAD0200059A632 /* MXSVCPtc.swift */,
			);
			path = BaseController;
			sourceTree = "<group>";
		};
		703DA8E31FBAC9640059A632 /* MXSCmd */ = {
			isa = PBXGroup;
			children = (
				703DA8E41FBAC97A0059A632 /* MXSVCExchangeCmd.swift */,
				704BD99B1FCD30C10096DCE9 /* MXSALAssetCmd.swift */,
				706003C11FD5269700759938 /* MXSPHAssetCmd.swift */,
				7071410B1FF11A640036CE16 /* MXSToolsCmd.swift */,
				707ACC1E1FF4C9C8009E42E9 /* MXSFileStorageCmd.swift */,
			);
			path = MXSCmd;
			sourceTree = "<group>";
		};
		7042EFBC1FEB5B5C004BE421 /* Show */ = {
			isa = PBXGroup;
			children = (
				7023BF9C1FED2EFA001FF435 /* MXSShowDiaryVC.swift */,
			);
			path = Show;
			sourceTree = "<group>";
		};
		7044B1B01FE4CD090047AE9C /* Extension */ = {
			isa = PBXGroup;
			children = (
				7044B1B11FE4CD090047AE9C /* UIButton+Extension.swift */,
				7044B1B21FE4CD090047AE9C /* UIColor+Extension.swift */,
				7044B1B31FE4CD090047AE9C /* UIImage+Extension.swift */,
				7044B1B41FE4CD090047AE9C /* UILabel+Extension.swift */,
				7044B1B51FE4CD090047AE9C /* UIView+Extension.swift */,
				7042EFC71FEB7F99004BE421 /* String+Extension.swift */,
			);
			path = Extension;
			sourceTree = "<group>";
		};
		704660861FD7B72C006EA759 /* XcodePS */ = {
			isa = PBXGroup;
			children = (
				704660871FD7B74D006EA759 /* MXSXcodePSVC.swift */,
				704660891FD7F4C3006EA759 /* MXSXcodePSTDlg.swift */,
				7046608B1FD7F500006EA759 /* MXSXcodePSCell.swift */,
				702BB9F21FD8E4AE0083E123 /* MXSXcodeTableHeadView.swift */,
			);
			path = XcodePS;
			sourceTree = "<group>";
		};
		704CC1021FEB9BDB00063E0A /* ProfileVC */ = {
			isa = PBXGroup;
			children = (
				704CC1051FEB9BF400063E0A /* MXSProfileVC.swift */,
				704CC1031FEB9BF400063E0A /* MXSProfileDlg.swift */,
				704CC1041FEB9BF400063E0A /* MXSProfileCell.swift */,
			);
			path = ProfileVC;
			sourceTree = "<group>";
		};
		704CC93D20063A25007740EC /* AVPlayVC */ = {
			isa = PBXGroup;
			children = (
				704CC9422007702D007740EC /* MXSAVPlayVC.swift */,
			);
			path = AVPlayVC;
			sourceTree = "<group>";
		};
		704CEE481FE8F6530055DDBB /* Diary */ = {
			isa = PBXGroup;
			children = (
				7042EFBC1FEB5B5C004BE421 /* Show */,
				704CEE491FE8F6530055DDBB /* Edit */,
				704CEE4A1FE8F6530055DDBB /* List */,
			);
			path = Diary;
			sourceTree = "<group>";
		};
		704CEE491FE8F6530055DDBB /* Edit */ = {
			isa = PBXGroup;
			children = (
				7023BF961FECFF3C001FF435 /* MXSEditDiaryVC.swift */,
				7023BF981FED02CA001FF435 /* MXSEditDiaryDlg.swift */,
				7023BF9A1FED02E8001FF435 /* MXSEditDiaryCell.swift */,
			);
			path = Edit;
			sourceTree = "<group>";
		};
		704CEE4A1FE8F6530055DDBB /* List */ = {
			isa = PBXGroup;
			children = (
				7068825A1FEA4904003F21DD /* MXSDiaryVC.swift */,
				7068825E1FEA495F003F21DD /* MXSDiaryDlg.swift */,
				7068825C1FEA4947003F21DD /* MXSDiaryCell.swift */,
			);
			path = List;
			sourceTree = "<group>";
		};
		706882621FEA6F5B003F21DD /* MJRefresh */ = {
			isa = PBXGroup;
			children = (
				706882631FEA6F5B003F21DD /* Base */,
				7068826E1FEA6F5B003F21DD /* Custom */,
				706882851FEA6F5B003F21DD /* MJRefresh.bundle */,
				706882861FEA6F5B003F21DD /* MJRefresh.h */,
				706882871FEA6F5B003F21DD /* MJRefreshConst.h */,
				706882881FEA6F5B003F21DD /* MJRefreshConst.m */,
				706882891FEA6F5B003F21DD /* NSBundle+MJRefresh.h */,
				7068828A1FEA6F5B003F21DD /* NSBundle+MJRefresh.m */,
				7068828B1FEA6F5B003F21DD /* UIScrollView+MJExtension.h */,
				7068828C1FEA6F5B003F21DD /* UIScrollView+MJExtension.m */,
				7068828D1FEA6F5B003F21DD /* UIScrollView+MJRefresh.h */,
				7068828E1FEA6F5B003F21DD /* UIScrollView+MJRefresh.m */,
				7068828F1FEA6F5B003F21DD /* UIView+MJExtension.h */,
				706882901FEA6F5B003F21DD /* UIView+MJExtension.m */,
			);
			path = MJRefresh;
			sourceTree = "<group>";
		};
		706882631FEA6F5B003F21DD /* Base */ = {
			isa = PBXGroup;
			children = (
				706882641FEA6F5B003F21DD /* MJRefreshAutoFooter.h */,
				706882651FEA6F5B003F21DD /* MJRefreshAutoFooter.m */,
				706882661FEA6F5B003F21DD /* MJRefreshBackFooter.h */,
				706882671FEA6F5B003F21DD /* MJRefreshBackFooter.m */,
				706882681FEA6F5B003F21DD /* MJRefreshComponent.h */,
				706882691FEA6F5B003F21DD /* MJRefreshComponent.m */,
				7068826A1FEA6F5B003F21DD /* MJRefreshFooter.h */,
				7068826B1FEA6F5B003F21DD /* MJRefreshFooter.m */,
				7068826C1FEA6F5B003F21DD /* MJRefreshHeader.h */,
				7068826D1FEA6F5B003F21DD /* MJRefreshHeader.m */,
			);
			path = Base;
			sourceTree = "<group>";
		};
		7068826E1FEA6F5B003F21DD /* Custom */ = {
			isa = PBXGroup;
			children = (
				7068826F1FEA6F5B003F21DD /* Footer */,
				7068827E1FEA6F5B003F21DD /* Header */,
			);
			path = Custom;
			sourceTree = "<group>";
		};
		7068826F1FEA6F5B003F21DD /* Footer */ = {
			isa = PBXGroup;
			children = (
				706882701FEA6F5B003F21DD /* Auto */,
				706882771FEA6F5B003F21DD /* Back */,
			);
			path = Footer;
			sourceTree = "<group>";
		};
		706882701FEA6F5B003F21DD /* Auto */ = {
			isa = PBXGroup;
			children = (
				706882711FEA6F5B003F21DD /* MJRefreshAutoGifFooter.h */,
				706882721FEA6F5B003F21DD /* MJRefreshAutoGifFooter.m */,
				706882731FEA6F5B003F21DD /* MJRefreshAutoNormalFooter.h */,
				706882741FEA6F5B003F21DD /* MJRefreshAutoNormalFooter.m */,
				706882751FEA6F5B003F21DD /* MJRefreshAutoStateFooter.h */,
				706882761FEA6F5B003F21DD /* MJRefreshAutoStateFooter.m */,
			);
			path = Auto;
			sourceTree = "<group>";
		};
		706882771FEA6F5B003F21DD /* Back */ = {
			isa = PBXGroup;
			children = (
				706882781FEA6F5B003F21DD /* MJRefreshBackGifFooter.h */,
				706882791FEA6F5B003F21DD /* MJRefreshBackGifFooter.m */,
				7068827A1FEA6F5B003F21DD /* MJRefreshBackNormalFooter.h */,
				7068827B1FEA6F5B003F21DD /* MJRefreshBackNormalFooter.m */,
				7068827C1FEA6F5B003F21DD /* MJRefreshBackStateFooter.h */,
				7068827D1FEA6F5B003F21DD /* MJRefreshBackStateFooter.m */,
			);
			path = Back;
			sourceTree = "<group>";
		};
		7068827E1FEA6F5B003F21DD /* Header */ = {
			isa = PBXGroup;
			children = (
				7068827F1FEA6F5B003F21DD /* MJRefreshGifHeader.h */,
				706882801FEA6F5B003F21DD /* MJRefreshGifHeader.m */,
				706882811FEA6F5B003F21DD /* MJRefreshNormalHeader.h */,
				706882821FEA6F5B003F21DD /* MJRefreshNormalHeader.m */,
				706882831FEA6F5B003F21DD /* MJRefreshStateHeader.h */,
				706882841FEA6F5B003F21DD /* MJRefreshStateHeader.m */,
			);
			path = Header;
			sourceTree = "<group>";
		};
		7075C00E1FE3ED9500E03491 /* Daily */ = {
			isa = PBXGroup;
			children = (
				707ACC151FF4A672009E42E9 /* MXSDiary+CoreDataClass.swift */,
				707ACC141FF4A672009E42E9 /* MXSDiary+CoreDataProperties.swift */,
				7044B1C91FE510700047AE9C /* MXSDiary+ContextOpt.swift */,
			);
			path = Daily;
			sourceTree = "<group>";
		};
		707A8D291FF5F08800596AE5 /* Menu */ = {
			isa = PBXGroup;
			children = (
				707A8D3C1FF6157000596AE5 /* MXSMenu+CoreDataClass.swift */,
				707A8D3D1FF6157000596AE5 /* MXSMenu+CoreDataProperties.swift */,
				707A8D2F1FF6134F00596AE5 /* MXSMenuModel.xcdatamodeld */,
				707A8D3A1FF6152E00596AE5 /* MXSMenuDataCmd.swift */,
				707A8D401FF615B100596AE5 /* MXSMenu+ContrxtOpt.swift */,
			);
			path = Menu;
			sourceTree = "<group>";
		};
		707A8D2A1FF5F08800596AE5 /* RandomHistory */ = {
			isa = PBXGroup;
			children = (
			);
			path = RandomHistory;
			sourceTree = "<group>";
		};
		707ACC0C1FF4A60A009E42E9 /* CoreData */ = {
			isa = PBXGroup;
			children = (
				707ACC181FF4A67B009E42E9 /* MXSDiaryDataCmd.swift */,
				707ACC0D1FF4A60A009E42E9 /* MXSDiary.xcdatamodeld */,
			);
			path = CoreData;
			sourceTree = "<group>";
		};
		70A7E7951FCC002400B80A7B /* ImagePicker */ = {
			isa = PBXGroup;
			children = (
				70A7E7961FCC004900B80A7B /* MXSPickImgVC.swift */,
				707ACC1A1FF4BF79009E42E9 /* MXSPickImgCDlg.swift */,
				707ACC1C1FF4BFAF009E42E9 /* MXSPickImgItem.swift */,
			);
			path = ImagePicker;
			sourceTree = "<group>";
		};
		8088668B00251996CB9E07AC /* Frameworks */ = {
			isa = PBXGroup;
			children = (
				706882A61FEA8A02003F21DD /* MJRefresh.framework */,
				706882611FEA5F96003F21DD /* ESPullToRefresh.framework */,
				7092542A1FD675E500195632 /* Alamofire.framework */,
				709254281FD675DC00195632 /* Refresher.framework */,
				709254261FD66FF600195632 /* SnapKit.framework */,
				706003C41FD52C8300759938 /* Photos.framework */,
				706003C31FD52C8300759938 /* PhotosUI.framework */,
				C44604FCE0499122A5244EAC /* Pods_MXSSwift.framework */,
			);
			name = Frameworks;
			sourceTree = "<group>";
		};
/* End PBXGroup section */

/* Begin PBXNativeTarget section */
		701E9ABC1F9EEA61007AEE49 /* MXSSwift */ = {
			isa = PBXNativeTarget;
			buildConfigurationList = 701E9ACF1F9EEA61007AEE49 /* Build configuration list for PBXNativeTarget "MXSSwift" */;
			buildPhases = (
				AF864060007A874F57DC0D68 /* [CP] Check Pods Manifest.lock */,
				701E9AB91F9EEA61007AEE49 /* Sources */,
				701E9ABA1F9EEA61007AEE49 /* Frameworks */,
				701E9ABB1F9EEA61007AEE49 /* Resources */,
				1B15EC05AFE78CFB6259CB9A /* [CP] Embed Pods Frameworks */,
				39DD99FFFC60D3F363C4E647 /* [CP] Copy Pods Resources */,
			);
			buildRules = (
			);
			dependencies = (
			);
			name = MXSSwift;
			productName = MXSSwift;
			productReference = 701E9ABD1F9EEA61007AEE49 /* MXSSwift.app */;
			productType = "com.apple.product-type.application";
		};
/* End PBXNativeTarget section */

/* Begin PBXProject section */
		701E9AB51F9EEA61007AEE49 /* Project object */ = {
			isa = PBXProject;
			attributes = {
				LastSwiftUpdateCheck = 0900;
				LastUpgradeCheck = 0900;
				ORGANIZATIONNAME = MXS;
				TargetAttributes = {
					701E9ABC1F9EEA61007AEE49 = {
						CreatedOnToolsVersion = 9.0.1;
						ProvisioningStyle = Automatic;
					};
				};
			};
			buildConfigurationList = 701E9AB81F9EEA61007AEE49 /* Build configuration list for PBXProject "MXSSwift" */;
			compatibilityVersion = "Xcode 8.0";
			developmentRegion = en;
			hasScannedForEncodings = 0;
			knownRegions = (
				en,
				Base,
			);
			mainGroup = 701E9AB41F9EEA61007AEE49;
			productRefGroup = 701E9ABE1F9EEA61007AEE49 /* Products */;
			projectDirPath = "";
			projectRoot = "";
			targets = (
				701E9ABC1F9EEA61007AEE49 /* MXSSwift */,
			);
		};
/* End PBXProject section */

/* Begin PBXResourcesBuildPhase section */
		701E9ABB1F9EEA61007AEE49 /* Resources */ = {
			isa = PBXResourcesBuildPhase;
			buildActionMask = 2147483647;
			files = (
				701E9AC81F9EEA61007AEE49 /* Assets.xcassets in Resources */,
				70C8879E1FD6C389009F65A8 /* xcode_complete.json in Resources */,
				7068829F1FEA6F5B003F21DD /* MJRefresh.bundle in Resources */,
			);
			runOnlyForDeploymentPostprocessing = 0;
		};
/* End PBXResourcesBuildPhase section */

/* Begin PBXShellScriptBuildPhase section */
		1B15EC05AFE78CFB6259CB9A /* [CP] Embed Pods Frameworks */ = {
			isa = PBXShellScriptBuildPhase;
			buildActionMask = 2147483647;
			files = (
			);
			inputPaths = (
				"${SRCROOT}/Pods/Target Support Files/Pods-MXSSwift/Pods-MXSSwift-frameworks.sh",
				"${BUILT_PRODUCTS_DIR}/Alamofire/Alamofire.framework",
				"${BUILT_PRODUCTS_DIR}/ESPullToRefresh/ESPullToRefresh.framework",
				"${BUILT_PRODUCTS_DIR}/Refresher/Refresher.framework",
				"${BUILT_PRODUCTS_DIR}/SnapKit/SnapKit.framework",
			);
			name = "[CP] Embed Pods Frameworks";
			outputPaths = (
				"${TARGET_BUILD_DIR}/${FRAMEWORKS_FOLDER_PATH}/Alamofire.framework",
				"${TARGET_BUILD_DIR}/${FRAMEWORKS_FOLDER_PATH}/ESPullToRefresh.framework",
				"${TARGET_BUILD_DIR}/${FRAMEWORKS_FOLDER_PATH}/Refresher.framework",
				"${TARGET_BUILD_DIR}/${FRAMEWORKS_FOLDER_PATH}/SnapKit.framework",
			);
			runOnlyForDeploymentPostprocessing = 0;
			shellPath = /bin/sh;
			shellScript = "\"${SRCROOT}/Pods/Target Support Files/Pods-MXSSwift/Pods-MXSSwift-frameworks.sh\"\n";
			showEnvVarsInLog = 0;
		};
		39DD99FFFC60D3F363C4E647 /* [CP] Copy Pods Resources */ = {
			isa = PBXShellScriptBuildPhase;
			buildActionMask = 2147483647;
			files = (
			);
			inputPaths = (
			);
			name = "[CP] Copy Pods Resources";
			outputPaths = (
			);
			runOnlyForDeploymentPostprocessing = 0;
			shellPath = /bin/sh;
			shellScript = "\"${SRCROOT}/Pods/Target Support Files/Pods-MXSSwift/Pods-MXSSwift-resources.sh\"\n";
			showEnvVarsInLog = 0;
		};
		AF864060007A874F57DC0D68 /* [CP] Check Pods Manifest.lock */ = {
			isa = PBXShellScriptBuildPhase;
			buildActionMask = 2147483647;
			files = (
			);
			inputPaths = (
				"${PODS_PODFILE_DIR_PATH}/Podfile.lock",
				"${PODS_ROOT}/Manifest.lock",
			);
			name = "[CP] Check Pods Manifest.lock";
			outputPaths = (
				"$(DERIVED_FILE_DIR)/Pods-MXSSwift-checkManifestLockResult.txt",
			);
			runOnlyForDeploymentPostprocessing = 0;
			shellPath = /bin/sh;
			shellScript = "diff \"${PODS_PODFILE_DIR_PATH}/Podfile.lock\" \"${PODS_ROOT}/Manifest.lock\" > /dev/null\nif [ $? != 0 ] ; then\n    # print error to STDERR\n    echo \"error: The sandbox is not in sync with the Podfile.lock. Run 'pod install' or update your CocoaPods installation.\" >&2\n    exit 1\nfi\n# This output is used by Xcode 'outputs' to avoid re-running this script phase.\necho \"SUCCESS\" > \"${SCRIPT_OUTPUT_FILE_0}\"\n";
			showEnvVarsInLog = 0;
		};
/* End PBXShellScriptBuildPhase section */

/* Begin PBXSourcesBuildPhase section */
		701E9AB91F9EEA61007AEE49 /* Sources */ = {
			isa = PBXSourcesBuildPhase;
			buildActionMask = 2147483647;
			files = (
				704660881FD7B74D006EA759 /* MXSXcodePSVC.swift in Sources */,
				706882961FEA6F5B003F21DD /* MJRefreshAutoGifFooter.m in Sources */,
				7023BF991FED02CA001FF435 /* MXSEditDiaryDlg.swift in Sources */,
				70253E1F1FBDA28A00A95274 /* ViewController.swift in Sources */,
				703DA8D81FBAB8150059A632 /* MXSTabBarController.swift in Sources */,
				7044B1B71FE4CD090047AE9C /* UIColor+Extension.swift in Sources */,
				70253DF01FBD780200A95274 /* MXSNavBar.swift in Sources */,
				707ACC1F1FF4C9C8009E42E9 /* MXSFileStorageCmd.swift in Sources */,
				7068829D1FEA6F5B003F21DD /* MJRefreshNormalHeader.m in Sources */,
				703DA8E91FBAD37E0059A632 /* MXSNoteVC.swift in Sources */,
				706882A41FEA6F5B003F21DD /* UIView+MJExtension.m in Sources */,
				702BB9F31FD8E4AE0083E123 /* MXSXcodeTableHeadView.swift in Sources */,
				704BD9A01FCD42880096DCE9 /* MXSContentTDlg.swift in Sources */,
				704CC1071FEB9BF400063E0A /* MXSProfileCell.swift in Sources */,
				706882951FEA6F5B003F21DD /* MJRefreshHeader.m in Sources */,
				7044B1B91FE4CD090047AE9C /* UILabel+Extension.swift in Sources */,
				706882971FEA6F5B003F21DD /* MJRefreshAutoNormalFooter.m in Sources */,
				704CC1061FEB9BF400063E0A /* MXSProfileDlg.swift in Sources */,
				7068825B1FEA4904003F21DD /* MXSDiaryVC.swift in Sources */,
				707ACC191FF4A67B009E42E9 /* MXSDiaryDataCmd.swift in Sources */,
				7023BF971FECFF3C001FF435 /* MXSEditDiaryVC.swift in Sources */,
				707ACC171FF4A672009E42E9 /* MXSDiary+CoreDataClass.swift in Sources */,
				706882A21FEA6F5B003F21DD /* UIScrollView+MJExtension.m in Sources */,
				70663FAE1FC577BB004EAE1D /* MXSTableView.swift in Sources */,
				707A8D3B1FF6152E00596AE5 /* MXSMenuDataCmd.swift in Sources */,
				703DA8E51FBAC97A0059A632 /* MXSVCExchangeCmd.swift in Sources */,
				707A8D3F1FF6157000596AE5 /* MXSMenu+CoreDataProperties.swift in Sources */,
				703DA8E21FBAB9E60059A632 /* MXSTableDlg.swift in Sources */,
				7068829A1FEA6F5B003F21DD /* MJRefreshBackNormalFooter.m in Sources */,
				703DA8DC1FBAB9930059A632 /* MXSFoundVC.swift in Sources */,
				703DA8E71FBAD0200059A632 /* MXSVCPtc.swift in Sources */,
				7068829B1FEA6F5B003F21DD /* MJRefreshBackStateFooter.m in Sources */,
				703DA8DE1FBAB9AA0059A632 /* MXSContentVC.swift in Sources */,
				7071410C1FF11A640036CE16 /* MXSToolsCmd.swift in Sources */,
				706882931FEA6F5B003F21DD /* MJRefreshComponent.m in Sources */,
				7044B1B61FE4CD090047AE9C /* UIButton+Extension.swift in Sources */,
				707141081FF0E1930036CE16 /* MXSPickerDlg.swift in Sources */,
				707ACC1D1FF4BFAF009E42E9 /* MXSPickImgItem.swift in Sources */,
				706882921FEA6F5B003F21DD /* MJRefreshBackFooter.m in Sources */,
				703DA8DA1FBAB9390059A632 /* MXSHomeVC.swift in Sources */,
				707A8D411FF615B100596AE5 /* MXSMenu+ContrxtOpt.swift in Sources */,
				707A8D3E1FF6157000596AE5 /* MXSMenu+CoreDataClass.swift in Sources */,
				706882941FEA6F5B003F21DD /* MJRefreshFooter.m in Sources */,
				702E43331FBEDF300017A7D8 /* MXSNothing.swift in Sources */,
				7068825F1FEA495F003F21DD /* MXSDiaryDlg.swift in Sources */,
				704BD99E1FCD41FA0096DCE9 /* MXSCollectionViewCell.swift in Sources */,
				707ACC1B1FF4BF79009E42E9 /* MXSPickImgCDlg.swift in Sources */,
				706882911FEA6F5B003F21DD /* MJRefreshAutoFooter.m in Sources */,
				7023BF9B1FED02E8001FF435 /* MXSEditDiaryCell.swift in Sources */,
				707ACC161FF4A672009E42E9 /* MXSDiary+CoreDataProperties.swift in Sources */,
				70A7E7901FCBF1E700B80A7B /* MXSCollectionDlg.swift in Sources */,
				7042EFC81FEB7F99004BE421 /* String+Extension.swift in Sources */,
				70663FB21FC58783004EAE1D /* MXSHomeCell.swift in Sources */,
				7036035F1FE75F3C00CF3E09 /* MXSDocumentCmd.swift in Sources */,
				7046608A1FD7F4C3006EA759 /* MXSXcodePSTDlg.swift in Sources */,
				7068825D1FEA4947003F21DD /* MXSDiaryCell.swift in Sources */,
				707A8D311FF6134F00596AE5 /* MXSMenuModel.xcdatamodeld in Sources */,
				703DA8D61FBAB7AA0059A632 /* MXSBaseVC.swift in Sources */,
				7046608C1FD7F500006EA759 /* MXSXcodePSCell.swift in Sources */,
				703DA8C51FBA9B1D0059A632 /* AppDelegate.swift in Sources */,
				704BD99C1FCD30C10096DCE9 /* MXSALAssetCmd.swift in Sources */,
				704CC9432007702E007740EC /* MXSAVPlayVC.swift in Sources */,
				7023BF9D1FED2EFA001FF435 /* MXSShowDiaryVC.swift in Sources */,
				7044B1BA1FE4CD090047AE9C /* UIView+Extension.swift in Sources */,
				70A00E201FC7E753007C649C /* MXSTableViewCell.swift in Sources */,
				706882981FEA6F5B003F21DD /* MJRefreshAutoStateFooter.m in Sources */,
				70A7E7941FCBFA7D00B80A7B /* MXSContentCell.swift in Sources */,
				704CC1081FEB9BF400063E0A /* MXSProfileVC.swift in Sources */,
				7068829C1FEA6F5B003F21DD /* MJRefreshGifHeader.m in Sources */,
				706003C21FD5269700759938 /* MXSPHAssetCmd.swift in Sources */,
				70A7E7971FCC004900B80A7B /* MXSPickImgVC.swift in Sources */,
				706882991FEA6F5B003F21DD /* MJRefreshBackGifFooter.m in Sources */,
				7044B1B81FE4CD090047AE9C /* UIImage+Extension.swift in Sources */,
				706882A31FEA6F5B003F21DD /* UIScrollView+MJRefresh.m in Sources */,
				707ACC111FF4A60A009E42E9 /* MXSDiary.xcdatamodeld in Sources */,
				7044B1CA1FE510700047AE9C /* MXSDiary+ContextOpt.swift in Sources */,
				702DCD8A1FC28D49002CC776 /* MXSDefines.swift in Sources */,
				70669FE61FC3E3DE001C209C /* MXSNetWork.swift in Sources */,
				7063BDF51FF35253003B6AE3 /* MXSBtmAlertView.swift in Sources */,
				70A7E7921FCBF86000B80A7B /* MXSCollectionView.swift in Sources */,
				707141061FF0D4180036CE16 /* MXSPickerView.swift in Sources */,
				706882A11FEA6F5B003F21DD /* NSBundle+MJRefresh.m in Sources */,
				706882A01FEA6F5B003F21DD /* MJRefreshConst.m in Sources */,
				705818381FC6B62B009CE7E0 /* MXSHomeDlg.swift in Sources */,
				7068829E1FEA6F5B003F21DD /* MJRefreshStateHeader.m in Sources */,
			);
			runOnlyForDeploymentPostprocessing = 0;
		};
/* End PBXSourcesBuildPhase section */

/* Begin XCBuildConfiguration section */
		701E9ACD1F9EEA61007AEE49 /* Debug */ = {
			isa = XCBuildConfiguration;
			buildSettings = {
				ALWAYS_SEARCH_USER_PATHS = NO;
				CLANG_ANALYZER_NONNULL = YES;
				CLANG_ANALYZER_NUMBER_OBJECT_CONVERSION = YES_AGGRESSIVE;
				CLANG_CXX_LANGUAGE_STANDARD = "gnu++14";
				CLANG_CXX_LIBRARY = "libc++";
				CLANG_ENABLE_MODULES = YES;
				CLANG_ENABLE_OBJC_ARC = YES;
				CLANG_WARN_BLOCK_CAPTURE_AUTORELEASING = YES;
				CLANG_WARN_BOOL_CONVERSION = YES;
				CLANG_WARN_COMMA = YES;
				CLANG_WARN_CONSTANT_CONVERSION = YES;
				CLANG_WARN_DIRECT_OBJC_ISA_USAGE = YES_ERROR;
				CLANG_WARN_DOCUMENTATION_COMMENTS = YES;
				CLANG_WARN_EMPTY_BODY = YES;
				CLANG_WARN_ENUM_CONVERSION = YES;
				CLANG_WARN_INFINITE_RECURSION = YES;
				CLANG_WARN_INT_CONVERSION = YES;
				CLANG_WARN_NON_LITERAL_NULL_CONVERSION = YES;
				CLANG_WARN_OBJC_LITERAL_CONVERSION = YES;
				CLANG_WARN_OBJC_ROOT_CLASS = YES_ERROR;
				CLANG_WARN_RANGE_LOOP_ANALYSIS = YES;
				CLANG_WARN_STRICT_PROTOTYPES = YES;
				CLANG_WARN_SUSPICIOUS_MOVE = YES;
				CLANG_WARN_UNGUARDED_AVAILABILITY = YES_AGGRESSIVE;
				CLANG_WARN_UNREACHABLE_CODE = YES;
				CLANG_WARN__DUPLICATE_METHOD_MATCH = YES;
				CODE_SIGN_IDENTITY = "iPhone Developer";
				COPY_PHASE_STRIP = NO;
				DEBUG_INFORMATION_FORMAT = dwarf;
				ENABLE_STRICT_OBJC_MSGSEND = YES;
				ENABLE_TESTABILITY = YES;
				GCC_C_LANGUAGE_STANDARD = gnu11;
				GCC_DYNAMIC_NO_PIC = NO;
				GCC_NO_COMMON_BLOCKS = YES;
				GCC_OPTIMIZATION_LEVEL = 0;
				GCC_PREPROCESSOR_DEFINITIONS = (
					"DEBUG=1",
					"$(inherited)",
				);
				GCC_WARN_64_TO_32_BIT_CONVERSION = YES;
				GCC_WARN_ABOUT_RETURN_TYPE = YES_ERROR;
				GCC_WARN_UNDECLARED_SELECTOR = YES;
				GCC_WARN_UNINITIALIZED_AUTOS = YES_AGGRESSIVE;
				GCC_WARN_UNUSED_FUNCTION = YES;
				GCC_WARN_UNUSED_VARIABLE = YES;
				IPHONEOS_DEPLOYMENT_TARGET = 8.1;
				MTL_ENABLE_DEBUG_INFO = YES;
				ONLY_ACTIVE_ARCH = YES;
				SDKROOT = iphoneos;
				SWIFT_ACTIVE_COMPILATION_CONDITIONS = DEBUG;
				SWIFT_OPTIMIZATION_LEVEL = "-Onone";
			};
			name = Debug;
		};
		701E9ACE1F9EEA61007AEE49 /* Release */ = {
			isa = XCBuildConfiguration;
			buildSettings = {
				ALWAYS_SEARCH_USER_PATHS = NO;
				CLANG_ANALYZER_NONNULL = YES;
				CLANG_ANALYZER_NUMBER_OBJECT_CONVERSION = YES_AGGRESSIVE;
				CLANG_CXX_LANGUAGE_STANDARD = "gnu++14";
				CLANG_CXX_LIBRARY = "libc++";
				CLANG_ENABLE_MODULES = YES;
				CLANG_ENABLE_OBJC_ARC = YES;
				CLANG_WARN_BLOCK_CAPTURE_AUTORELEASING = YES;
				CLANG_WARN_BOOL_CONVERSION = YES;
				CLANG_WARN_COMMA = YES;
				CLANG_WARN_CONSTANT_CONVERSION = YES;
				CLANG_WARN_DIRECT_OBJC_ISA_USAGE = YES_ERROR;
				CLANG_WARN_DOCUMENTATION_COMMENTS = YES;
				CLANG_WARN_EMPTY_BODY = YES;
				CLANG_WARN_ENUM_CONVERSION = YES;
				CLANG_WARN_INFINITE_RECURSION = YES;
				CLANG_WARN_INT_CONVERSION = YES;
				CLANG_WARN_NON_LITERAL_NULL_CONVERSION = YES;
				CLANG_WARN_OBJC_LITERAL_CONVERSION = YES;
				CLANG_WARN_OBJC_ROOT_CLASS = YES_ERROR;
				CLANG_WARN_RANGE_LOOP_ANALYSIS = YES;
				CLANG_WARN_STRICT_PROTOTYPES = YES;
				CLANG_WARN_SUSPICIOUS_MOVE = YES;
				CLANG_WARN_UNGUARDED_AVAILABILITY = YES_AGGRESSIVE;
				CLANG_WARN_UNREACHABLE_CODE = YES;
				CLANG_WARN__DUPLICATE_METHOD_MATCH = YES;
				CODE_SIGN_IDENTITY = "iPhone Developer";
				COPY_PHASE_STRIP = NO;
				DEBUG_INFORMATION_FORMAT = "dwarf-with-dsym";
				ENABLE_NS_ASSERTIONS = NO;
				ENABLE_STRICT_OBJC_MSGSEND = YES;
				GCC_C_LANGUAGE_STANDARD = gnu11;
				GCC_NO_COMMON_BLOCKS = YES;
				GCC_WARN_64_TO_32_BIT_CONVERSION = YES;
				GCC_WARN_ABOUT_RETURN_TYPE = YES_ERROR;
				GCC_WARN_UNDECLARED_SELECTOR = YES;
				GCC_WARN_UNINITIALIZED_AUTOS = YES_AGGRESSIVE;
				GCC_WARN_UNUSED_FUNCTION = YES;
				GCC_WARN_UNUSED_VARIABLE = YES;
				IPHONEOS_DEPLOYMENT_TARGET = 8.1;
				MTL_ENABLE_DEBUG_INFO = NO;
				SDKROOT = iphoneos;
				SWIFT_OPTIMIZATION_LEVEL = "-Owholemodule";
				VALIDATE_PRODUCT = YES;
			};
			name = Release;
		};
		701E9AD01F9EEA61007AEE49 /* Debug */ = {
			isa = XCBuildConfiguration;
			baseConfigurationReference = 55F8D7FC42357A024FB3DA5B /* Pods-MXSSwift.debug.xcconfig */;
			buildSettings = {
				ASSETCATALOG_COMPILER_APPICON_NAME = AppIcon;
				ASSETCATALOG_COMPILER_LAUNCHIMAGE_NAME = LaunchImage;
				CODE_SIGN_STYLE = Automatic;
				DEVELOPMENT_TEAM = 45E5AAUFA8;
				INFOPLIST_FILE = MXSSwift/main/Info.plist;
				IPHONEOS_DEPLOYMENT_TARGET = 8.1;
				LD_RUNPATH_SEARCH_PATHS = "$(inherited) @executable_path/Frameworks";
				PRODUCT_BUNDLE_IDENTIFIER = MXSOC.MXSSwift;
				PRODUCT_NAME = "$(TARGET_NAME)";
				SWIFT_OBJC_BRIDGING_HEADER = "$(SRCROOT)/MXSSwift/Support Files/Header-Briding-Header.h";
				SWIFT_VERSION = 4.0;
				TARGETED_DEVICE_FAMILY = 1;
			};
			name = Debug;
		};
		701E9AD11F9EEA61007AEE49 /* Release */ = {
			isa = XCBuildConfiguration;
			baseConfigurationReference = 0FFFE5101DB6406BEBDF55F8 /* Pods-MXSSwift.release.xcconfig */;
			buildSettings = {
				ASSETCATALOG_COMPILER_APPICON_NAME = AppIcon;
				ASSETCATALOG_COMPILER_LAUNCHIMAGE_NAME = LaunchImage;
				CODE_SIGN_STYLE = Automatic;
				DEVELOPMENT_TEAM = 45E5AAUFA8;
				INFOPLIST_FILE = MXSSwift/main/Info.plist;
				IPHONEOS_DEPLOYMENT_TARGET = 8.1;
				LD_RUNPATH_SEARCH_PATHS = "$(inherited) @executable_path/Frameworks";
				PRODUCT_BUNDLE_IDENTIFIER = MXSOC.MXSSwift;
				PRODUCT_NAME = "$(TARGET_NAME)";
				SWIFT_OBJC_BRIDGING_HEADER = "$(SRCROOT)/MXSSwift/Support Files/Header-Briding-Header.h";
				SWIFT_VERSION = 4.0;
				TARGETED_DEVICE_FAMILY = 1;
			};
			name = Release;
		};
/* End XCBuildConfiguration section */

/* Begin XCConfigurationList section */
		701E9AB81F9EEA61007AEE49 /* Build configuration list for PBXProject "MXSSwift" */ = {
			isa = XCConfigurationList;
			buildConfigurations = (
				701E9ACD1F9EEA61007AEE49 /* Debug */,
				701E9ACE1F9EEA61007AEE49 /* Release */,
			);
			defaultConfigurationIsVisible = 0;
			defaultConfigurationName = Release;
		};
		701E9ACF1F9EEA61007AEE49 /* Build configuration list for PBXNativeTarget "MXSSwift" */ = {
			isa = XCConfigurationList;
			buildConfigurations = (
				701E9AD01F9EEA61007AEE49 /* Debug */,
				701E9AD11F9EEA61007AEE49 /* Release */,
			);
			defaultConfigurationIsVisible = 0;
			defaultConfigurationName = Release;
		};
/* End XCConfigurationList section */

/* Begin XCVersionGroup section */
		707A8D2F1FF6134F00596AE5 /* MXSMenuModel.xcdatamodeld */ = {
			isa = XCVersionGroup;
			children = (
				707A8D301FF6134F00596AE5 /* MXSMenuModel.xcdatamodel */,
			);
			currentVersion = 707A8D301FF6134F00596AE5 /* MXSMenuModel.xcdatamodel */;
			path = MXSMenuModel.xcdatamodeld;
			sourceTree = "<group>";
			versionGroupType = wrapper.xcdatamodel;
		};
		707ACC0D1FF4A60A009E42E9 /* MXSDiary.xcdatamodeld */ = {
			isa = XCVersionGroup;
			children = (
				707A8D2B1FF5F1FA00596AE5 /* MXSDaily1.1.xcdatamodel */,
				707ACC0E1FF4A60A009E42E9 /* MXSDaily.xcdatamodel */,
			);
			currentVersion = 707ACC0E1FF4A60A009E42E9 /* MXSDaily.xcdatamodel */;
			path = MXSDiary.xcdatamodeld;
			sourceTree = "<group>";
			versionGroupType = wrapper.xcdatamodel;
		};
/* End XCVersionGroup section */
	};
	rootObject = 701E9AB51F9EEA61007AEE49 /* Project object */;
}
