PODS:
  - Alamofire (4.5.1)
  - ESPullToRefresh (2.7)
  - SnapKit (4.0.0)

DEPENDENCIES:
  - Alamofire (~> 4.5)
  - ESPullToRefresh
  - SnapKit (~> 4.0.0)

SPEC REPOS:
  https://github.com/CocoaPods/Specs.git:
    - Alamofire
    - ESPullToRefresh
    - SnapKit

SPEC CHECKSUMS:
  Alamofire: 2d95912bf4c34f164fdfc335872e8c312acaea4a
  ESPullToRefresh: 119e2710b82b75536aab2bbe4883ba119fca35c8
  SnapKit: a42d492c16e80209130a3379f73596c3454b7694

PODFILE CHECKSUM: 56ad4e51d58919b9eded4e81ae5a02b76cc1b4c6

COCOAPODS: 1.5.0
